{
  "lockfile_version": "1",
  "packages": {
    "github:NixOS/nixpkgs/nixpkgs-unstable": {
      "last_modified": "2025-11-20T06:07:48Z",
      "resolved": "github:NixOS/nixpkgs/a8d610af3f1a5fb71e23e08434d8d61a466fc942?lastModified=1763618868"
    },
    "graalvmPackages.graalvm-ce@25": {
      "last_modified": "2025-11-15T07:28:48Z",
      "resolved": "github:NixOS/nixpkgs/1d4c88323ac36805d09657d13a5273aea1b34f0c#graalvmPackages.graalvm-ce",
      "source": "devbox-search",
      "version": "25.0.0",
      "systems": {
        "aarch64-darwin": {
          "outputs": [
            {
              "name": "out",
              "path": "/nix/store/3zg20hix4ls495ga58l1b9dp4gf2y23p-graalvm-ce-25.0.0",
              "default": true
            }
          ],
          "store_path": "/nix/store/3zg20hix4ls495ga58l1b9dp4gf2y23p-graalvm-ce-25.0.0"
        },
        "aarch64-linux": {
          "outputs": [
            {
              "name": "out",
              "path": "/nix/store/86c2jzbxjmny4lka6c9n1x5c6cy4gyhp-graalvm-ce-25.0.0",
              "default": true
            }
          ],
          "store_path": "/nix/store/86c2jzbxjmny4lka6c9n1x5c6cy4gyhp-graalvm-ce-25.0.0"
        },
        "x86_64-darwin": {
          "outputs": [
            {
              "name": "out",
              "path": "/nix/store/4g4riws467nf67771c0hf2vh0yjkw751-graalvm-ce-25.0.0",
              "default": true
            }
          ],
          "store_path": "/nix/store/4g4riws467nf67771c0hf2vh0yjkw751-graalvm-ce-25.0.0"
        },
        "x86_64-linux": {
          "outputs": [
            {
              "name": "out",
              "path": "/nix/store/wn1gi2s6yyfxna9h1w841vndx9cfc4p3-graalvm-ce-25.0.0",
              "default": true
            }
          ],
          "store_path": "/nix/store/wn1gi2s6yyfxna9h1w841vndx9cfc4p3-graalvm-ce-25.0.0"
        }
      }
    },
    "httpie@latest": {
      "last_modified": "2025-11-15T07:28:48Z",
      "resolved": "github:NixOS/nixpkgs/1d4c88323ac36805d09657d13a5273aea1b34f0c#httpie",
      "source": "devbox-search",
      "version": "3.2.4",
      "systems": {
        "aarch64-darwin": {
          "outputs": [
            {
              "name": "out",
              "path": "/nix/store/1v3saydckc3b1sjw786kmq7airvblz4k-python3.13-httpie-3.2.4",
              "default": true
            },
            {
              "name": "dist",
              "path": "/nix/store/p85fhbl2gjfbc5jc9yw9aflkzdm29qkb-python3.13-httpie-3.2.4-dist"
            }
          ],
          "store_path": "/nix/store/1v3saydckc3b1sjw786kmq7airvblz4k-python3.13-httpie-3.2.4"
        },
        "aarch64-linux": {
          "outputs": [
            {
              "name": "out",
              "path": "/nix/store/g1jffs67mc5xcdnkxarfrbg7pwjsjia8-python3.13-httpie-3.2.4",
              "default": true
            },
            {
              "name": "dist",
              "path": "/nix/store/r2ffdg58m3qrp5m646rm93pp2pzqja0r-python3.13-httpie-3.2.4-dist"
            }
          ],
          "store_path": "/nix/store/g1jffs67mc5xcdnkxarfrbg7pwjsjia8-python3.13-httpie-3.2.4"
        },
        "x86_64-darwin": {
          "outputs": [
            {
              "name": "out",
              "path": "/nix/store/p99vn6h4ng9k232233ibzpfzhrx0w02a-python3.13-httpie-3.2.4",
              "default": true
            },
            {
              "name": "dist",
              "path": "/nix/store/jadliny0zcxh7qid1d93v073kbzx6fb2-python3.13-httpie-3.2.4-dist"
            }
          ],
          "store_path": "/nix/store/p99vn6h4ng9k232233ibzpfzhrx0w02a-python3.13-httpie-3.2.4"
        },
        "x86_64-linux": {
          "outputs": [
            {
              "name": "out",
              "path": "/nix/store/s0zv920bxpy2xzj7ij8lhm73ikyyiw3i-python3.13-httpie-3.2.4",
              "default": true
            },
            {
              "name": "dist",
              "path": "/nix/store/gk5xd2s9ivy3f6zc9wdvslsqga814knq-python3.13-httpie-3.2.4-dist"
            }
          ],
          "store_path": "/nix/store/s0zv920bxpy2xzj7ij8lhm73ikyyiw3i-python3.13-httpie-3.2.4"
        }
      }
    }
  }
}
