{
  "lockfile_version": "1",
  "packages": {
    "github:NixOS/nixpkgs/nixpkgs-unstable": {
      "last_modified": "2025-10-31T03:13:32Z",
      "resolved": "github:NixOS/nixpkgs/a7fc11be66bdfb5cdde611ee5ce381c183da8386?lastModified=1761880412"
    },
    "graalvmPackages.graalvm-ce@25": {
      "last_modified": "2025-10-07T08:41:47Z",
      "resolved": "github:NixOS/nixpkgs/bce5fe2bb998488d8e7e7856315f90496723793c#graalvmPackages.graalvm-ce",
      "source": "devbox-search",
      "version": "25.0.0",
      "systems": {
        "aarch64-darwin": {
          "outputs": [
            {
              "name": "out",
              "path": "/nix/store/b6ap1lqyg9sgvw8jz6kc1jj83za4zcbf-graalvm-ce-25.0.0",
              "default": true
            }
          ],
          "store_path": "/nix/store/b6ap1lqyg9sgvw8jz6kc1jj83za4zcbf-graalvm-ce-25.0.0"
        },
        "aarch64-linux": {
          "outputs": [
            {
              "name": "out",
              "path": "/nix/store/9cz0k8c4q4n630vklqrhkp5adv6phij7-graalvm-ce-25.0.0",
              "default": true
            }
          ],
          "store_path": "/nix/store/9cz0k8c4q4n630vklqrhkp5adv6phij7-graalvm-ce-25.0.0"
        },
        "x86_64-darwin": {
          "outputs": [
            {
              "name": "out",
              "path": "/nix/store/q85xbps365r3ik0jkf2hgvz91d42iyj2-graalvm-ce-25.0.0",
              "default": true
            }
          ],
          "store_path": "/nix/store/q85xbps365r3ik0jkf2hgvz91d42iyj2-graalvm-ce-25.0.0"
        },
        "x86_64-linux": {
          "outputs": [
            {
              "name": "out",
              "path": "/nix/store/n4gngmlvgrd5vviwycg2prxk4brax3lk-graalvm-ce-25.0.0",
              "default": true
            }
          ],
          "store_path": "/nix/store/n4gngmlvgrd5vviwycg2prxk4brax3lk-graalvm-ce-25.0.0"
        }
      }
    },
    "httpie@latest": {
      "last_modified": "2025-10-07T08:41:47Z",
      "resolved": "github:NixOS/nixpkgs/bce5fe2bb998488d8e7e7856315f90496723793c#httpie",
      "source": "devbox-search",
      "version": "3.2.4",
      "systems": {
        "aarch64-darwin": {
          "outputs": [
            {
              "name": "out",
              "path": "/nix/store/02m26wsmpq5c4jqcmvqs0nw99hrswg4g-python3.13-httpie-3.2.4",
              "default": true
            },
            {
              "name": "dist",
              "path": "/nix/store/17dxrzwilg4ymw6ss7zyry3shwqvap13-python3.13-httpie-3.2.4-dist"
            }
          ],
          "store_path": "/nix/store/02m26wsmpq5c4jqcmvqs0nw99hrswg4g-python3.13-httpie-3.2.4"
        },
        "aarch64-linux": {
          "outputs": [
            {
              "name": "out",
              "path": "/nix/store/2p9gr6l7bb6iwcfbf6i70q1xy0zwlzzm-python3.13-httpie-3.2.4",
              "default": true
            },
            {
              "name": "dist",
              "path": "/nix/store/z1czvv9df7yh1jb25yqajfx1qzj6k9mb-python3.13-httpie-3.2.4-dist"
            }
          ],
          "store_path": "/nix/store/2p9gr6l7bb6iwcfbf6i70q1xy0zwlzzm-python3.13-httpie-3.2.4"
        },
        "x86_64-darwin": {
          "outputs": [
            {
              "name": "out",
              "path": "/nix/store/m77h47shn09rczizzpy1fzikd57g8lrm-python3.13-httpie-3.2.4",
              "default": true
            },
            {
              "name": "dist",
              "path": "/nix/store/1rvs2x8wzr3acckrndzk5s867wqw33aj-python3.13-httpie-3.2.4-dist"
            }
          ],
          "store_path": "/nix/store/m77h47shn09rczizzpy1fzikd57g8lrm-python3.13-httpie-3.2.4"
        },
        "x86_64-linux": {
          "outputs": [
            {
              "name": "out",
              "path": "/nix/store/vyaaliq7djc3kssy5mry6z46j65fa9xs-python3.13-httpie-3.2.4",
              "default": true
            },
            {
              "name": "dist",
              "path": "/nix/store/i2bq56725l82bwjmhfidxi43l4japmqp-python3.13-httpie-3.2.4-dist"
            }
          ],
          "store_path": "/nix/store/vyaaliq7djc3kssy5mry6z46j65fa9xs-python3.13-httpie-3.2.4"
        }
      }
    }
  }
}
