{
  "lockfile-version": 1,
  "manifest": {
    "version": 1,
    "install": {
      "graalvm-ce": {
        "pkg-path": "graalvm-ce",
        "version": "24.0.1"
      },
      "httpie": {
        "pkg-path": "httpie"
      }
    },
    "vars": {
      "FLOX_DISABLE_METRICS": "true"
    },
    "hook": {},
    "profile": {},
    "options": {
      "systems": [
        "aarch64-darwin",
        "aarch64-linux",
        "x86_64-darwin",
        "x86_64-linux"
      ]
    }
  },
  "packages": [
    {
      "attr_path": "graalvm-ce",
      "broken": false,
      "derivation": "/nix/store/zxdfn6fp81swvlj9qkr2zhl2zk1jrk7c-graalvm-ce-24.0.1.drv",
      "description": "High-Performance Polyglot VM",
      "install_id": "graalvm-ce",
      "license": "[ UPL-1.0, GPL-2.0-with-classpath-exception, BSD-3-Clause ]",
      "locked_url": "https://github.com/flox/nixpkgs?rev=5c724ed1388e53cc231ed98330a60eb2f7be4be3",
      "name": "graalvm-ce-24.0.1",
      "pname": "graalvm-ce",
      "rev": "5c724ed1388e53cc231ed98330a60eb2f7be4be3",
      "rev_count": 824861,
      "rev_date": "2025-07-04T13:52:00Z",
      "scrape_date": "2025-07-06T05:14:24.053496Z",
      "stabilities": [
        "unstable"
      ],
      "unfree": false,
      "version": "24.0.1",
      "outputs_to_install": [
        "out"
      ],
      "outputs": {
        "out": "/nix/store/sqgz19w406jwdrm42yq3a8qc3f6vdgsn-graalvm-ce-24.0.1"
      },
      "system": "aarch64-darwin",
      "group": "toplevel",
      "priority": 5
    },
    {
      "attr_path": "graalvm-ce",
      "broken": false,
      "derivation": "/nix/store/90h7fnyb6d0cl61azf4bampf3rzm49i2-graalvm-ce-24.0.1.drv",
      "description": "High-Performance Polyglot VM",
      "install_id": "graalvm-ce",
      "license": "[ UPL-1.0, GPL-2.0-with-classpath-exception, BSD-3-Clause ]",
      "locked_url": "https://github.com/flox/nixpkgs?rev=5c724ed1388e53cc231ed98330a60eb2f7be4be3",
      "name": "graalvm-ce-24.0.1",
      "pname": "graalvm-ce",
      "rev": "5c724ed1388e53cc231ed98330a60eb2f7be4be3",
      "rev_count": 824861,
      "rev_date": "2025-07-04T13:52:00Z",
      "scrape_date": "2025-07-06T05:35:13.863714Z",
      "stabilities": [
        "unstable"
      ],
      "unfree": false,
      "version": "24.0.1",
      "outputs_to_install": [
        "out"
      ],
      "outputs": {
        "out": "/nix/store/y0wyggm9ln58rl0kahpf6d47aqy99n7n-graalvm-ce-24.0.1"
      },
      "system": "aarch64-linux",
      "group": "toplevel",
      "priority": 5
    },
    {
      "attr_path": "graalvm-ce",
      "broken": false,
      "derivation": "/nix/store/3zys8ph1vh1jgsrijz98s0s026kqi4pc-graalvm-ce-24.0.1.drv",
      "description": "High-Performance Polyglot VM",
      "install_id": "graalvm-ce",
      "license": "[ UPL-1.0, GPL-2.0-with-classpath-exception, BSD-3-Clause ]",
      "locked_url": "https://github.com/flox/nixpkgs?rev=5c724ed1388e53cc231ed98330a60eb2f7be4be3",
      "name": "graalvm-ce-24.0.1",
      "pname": "graalvm-ce",
      "rev": "5c724ed1388e53cc231ed98330a60eb2f7be4be3",
      "rev_count": 824861,
      "rev_date": "2025-07-04T13:52:00Z",
      "scrape_date": "2025-07-06T05:54:33.403717Z",
      "stabilities": [
        "unstable"
      ],
      "unfree": false,
      "version": "24.0.1",
      "outputs_to_install": [
        "out"
      ],
      "outputs": {
        "out": "/nix/store/5bzbamx31phsfgqp26jniw8iv57fwniv-graalvm-ce-24.0.1"
      },
      "system": "x86_64-darwin",
      "group": "toplevel",
      "priority": 5
    },
    {
      "attr_path": "graalvm-ce",
      "broken": false,
      "derivation": "/nix/store/n423y1jgfjf0frk8i7bkm4y7v309pgii-graalvm-ce-24.0.1.drv",
      "description": "High-Performance Polyglot VM",
      "install_id": "graalvm-ce",
      "license": "[ UPL-1.0, GPL-2.0-with-classpath-exception, BSD-3-Clause ]",
      "locked_url": "https://github.com/flox/nixpkgs?rev=5c724ed1388e53cc231ed98330a60eb2f7be4be3",
      "name": "graalvm-ce-24.0.1",
      "pname": "graalvm-ce",
      "rev": "5c724ed1388e53cc231ed98330a60eb2f7be4be3",
      "rev_count": 824861,
      "rev_date": "2025-07-04T13:52:00Z",
      "scrape_date": "2025-07-06T06:16:43.233037Z",
      "stabilities": [
        "unstable"
      ],
      "unfree": false,
      "version": "24.0.1",
      "outputs_to_install": [
        "out"
      ],
      "outputs": {
        "out": "/nix/store/qsp6zragx3aymkqc03ywhyc9k7pkrr0f-graalvm-ce-24.0.1"
      },
      "system": "x86_64-linux",
      "group": "toplevel",
      "priority": 5
    },
    {
      "attr_path": "httpie",
      "broken": false,
      "derivation": "/nix/store/mqkqr0icq7nnyljhjg1zliybryshcfml-python3.13-httpie-3.2.4.drv",
      "description": "Command line HTTP client whose goal is to make CLI human-friendly",
      "install_id": "httpie",
      "license": "BSD-3-Clause",
      "locked_url": "https://github.com/flox/nixpkgs?rev=5c724ed1388e53cc231ed98330a60eb2f7be4be3",
      "name": "httpie-3.2.4",
      "pname": "httpie",
      "rev": "5c724ed1388e53cc231ed98330a60eb2f7be4be3",
      "rev_count": 824861,
      "rev_date": "2025-07-04T13:52:00Z",
      "scrape_date": "2025-07-06T05:14:24.220818Z",
      "stabilities": [
        "unstable"
      ],
      "unfree": false,
      "version": "3.2.4",
      "outputs_to_install": [
        "out"
      ],
      "outputs": {
        "dist": "/nix/store/yh60x16ckpcxxwpykmncxwrnk9vwqrxx-python3.13-httpie-3.2.4-dist",
        "out": "/nix/store/gj40gmv0y5i479iiy9rm69j8bkxvjgk1-python3.13-httpie-3.2.4"
      },
      "system": "aarch64-darwin",
      "group": "toplevel",
      "priority": 5
    },
    {
      "attr_path": "httpie",
      "broken": false,
      "derivation": "/nix/store/zp7g2n7krgsxbyiwpwaakmd43m024r60-python3.13-httpie-3.2.4.drv",
      "description": "Command line HTTP client whose goal is to make CLI human-friendly",
      "install_id": "httpie",
      "license": "BSD-3-Clause",
      "locked_url": "https://github.com/flox/nixpkgs?rev=5c724ed1388e53cc231ed98330a60eb2f7be4be3",
      "name": "httpie-3.2.4",
      "pname": "httpie",
      "rev": "5c724ed1388e53cc231ed98330a60eb2f7be4be3",
      "rev_count": 824861,
      "rev_date": "2025-07-04T13:52:00Z",
      "scrape_date": "2025-07-06T05:35:14.558816Z",
      "stabilities": [
        "unstable"
      ],
      "unfree": false,
      "version": "3.2.4",
      "outputs_to_install": [
        "out"
      ],
      "outputs": {
        "dist": "/nix/store/cskfg46k44dfsc5pvsg1ci7z7z4p2k6s-python3.13-httpie-3.2.4-dist",
        "out": "/nix/store/74ws7mk8j7jwc0biabazf3k8wbm99cyx-python3.13-httpie-3.2.4"
      },
      "system": "aarch64-linux",
      "group": "toplevel",
      "priority": 5
    },
    {
      "attr_path": "httpie",
      "broken": false,
      "derivation": "/nix/store/fj8njr3nx3knmpxgj0nyci8c9nw7gffh-python3.13-httpie-3.2.4.drv",
      "description": "Command line HTTP client whose goal is to make CLI human-friendly",
      "install_id": "httpie",
      "license": "BSD-3-Clause",
      "locked_url": "https://github.com/flox/nixpkgs?rev=5c724ed1388e53cc231ed98330a60eb2f7be4be3",
      "name": "httpie-3.2.4",
      "pname": "httpie",
      "rev": "5c724ed1388e53cc231ed98330a60eb2f7be4be3",
      "rev_count": 824861,
      "rev_date": "2025-07-04T13:52:00Z",
      "scrape_date": "2025-07-06T05:54:33.576535Z",
      "stabilities": [
        "unstable"
      ],
      "unfree": false,
      "version": "3.2.4",
      "outputs_to_install": [
        "out"
      ],
      "outputs": {
        "dist": "/nix/store/8vszprl2mbrsa9fam82fby244hrlljmc-python3.13-httpie-3.2.4-dist",
        "out": "/nix/store/h0dmgsrp2l9rl05xhl0bc87gif7vav8q-python3.13-httpie-3.2.4"
      },
      "system": "x86_64-darwin",
      "group": "toplevel",
      "priority": 5
    },
    {
      "attr_path": "httpie",
      "broken": false,
      "derivation": "/nix/store/m6x30zjnmag62gksdfrsky0f7v1bpb3i-python3.13-httpie-3.2.4.drv",
      "description": "Command line HTTP client whose goal is to make CLI human-friendly",
      "install_id": "httpie",
      "license": "BSD-3-Clause",
      "locked_url": "https://github.com/flox/nixpkgs?rev=5c724ed1388e53cc231ed98330a60eb2f7be4be3",
      "name": "httpie-3.2.4",
      "pname": "httpie",
      "rev": "5c724ed1388e53cc231ed98330a60eb2f7be4be3",
      "rev_count": 824861,
      "rev_date": "2025-07-04T13:52:00Z",
      "scrape_date": "2025-07-06T06:16:43.986094Z",
      "stabilities": [
        "unstable"
      ],
      "unfree": false,
      "version": "3.2.4",
      "outputs_to_install": [
        "out"
      ],
      "outputs": {
        "dist": "/nix/store/aj9irg0vqxs94k8v967n6kmddlgni0qf-python3.13-httpie-3.2.4-dist",
        "out": "/nix/store/hdmyiyglh84a6x8mr7l67vs01l2zjnig-python3.13-httpie-3.2.4"
      },
      "system": "x86_64-linux",
      "group": "toplevel",
      "priority": 5
    }
  ]
}