{
  "lockfile-version": 1,
  "manifest": {
    "schema-version": "1.12.0",
    "install": {
      "graalvm-ce": {
        "pkg-path": "graalvmPackages.graalvm-ce"
      }
    },
    "vars": {
      "FLOX_DISABLE_METRICS": "true"
    },
    "hook": {},
    "profile": {},
    "options": {
      "systems": [
        "aarch64-darwin",
        "aarch64-linux",
        "x86_64-linux"
      ]
    }
  },
  "packages": [
    {
      "attr_path": "graalvmPackages.graalvm-ce",
      "broken": false,
      "derivation": "/nix/store/9dp8gav82bzpgl8fjrgqbglnx43wbdyi-graalvm-ce-25.0.2.drv",
      "description": "High-Performance Polyglot VM",
      "install_id": "graalvm-ce",
      "license": "[ UPL-1.0, GPL-2.0, Classpath-exception-2.0, BSD-3-Clause ]",
      "locked_url": "https://github.com/flox/nixpkgs?rev=624af665418d3c65d544145b4d34ad696439570e",
      "name": "graalvm-ce-25.0.2",
      "pname": "graalvm-ce",
      "rev": "624af665418d3c65d544145b4d34ad696439570e",
      "rev_count": 1042126,
      "rev_date": "2026-07-26T18:26:09Z",
      "scrape_date": "2026-07-28T04:53:58.584066Z",
      "stabilities": [
        "unstable"
      ],
      "unfree": false,
      "version": "25.0.2",
      "outputs_to_install": [
        "out"
      ],
      "outputs": {
        "out": "/nix/store/fygjq8fpbwlik7rs0jdhv35k67dxcyyf-graalvm-ce-25.0.2"
      },
      "system": "aarch64-darwin",
      "group": "toplevel",
      "priority": 5
    },
    {
      "attr_path": "graalvmPackages.graalvm-ce",
      "broken": false,
      "derivation": "/nix/store/w88xy9yh6j22cpvwd1fbxhhyxqcdlppd-graalvm-ce-25.0.2.drv",
      "description": "High-Performance Polyglot VM",
      "install_id": "graalvm-ce",
      "license": "[ UPL-1.0, GPL-2.0, Classpath-exception-2.0, BSD-3-Clause ]",
      "locked_url": "https://github.com/flox/nixpkgs?rev=624af665418d3c65d544145b4d34ad696439570e",
      "name": "graalvm-ce-25.0.2",
      "pname": "graalvm-ce",
      "rev": "624af665418d3c65d544145b4d34ad696439570e",
      "rev_count": 1042126,
      "rev_date": "2026-07-26T18:26:09Z",
      "scrape_date": "2026-07-28T05:24:07.953539Z",
      "stabilities": [
        "unstable"
      ],
      "unfree": false,
      "version": "25.0.2",
      "outputs_to_install": [
        "out"
      ],
      "outputs": {
        "out": "/nix/store/hj36gqxwg9sxmcpv8mw7p3a28al6djb4-graalvm-ce-25.0.2"
      },
      "system": "aarch64-linux",
      "group": "toplevel",
      "priority": 5
    },
    {
      "attr_path": "graalvmPackages.graalvm-ce",
      "broken": false,
      "derivation": "/nix/store/790si3ld63xld4zsgzk5jjn2h8dvdmy1-graalvm-ce-25.0.2.drv",
      "description": "High-Performance Polyglot VM",
      "install_id": "graalvm-ce",
      "license": "[ UPL-1.0, GPL-2.0, Classpath-exception-2.0, BSD-3-Clause ]",
      "locked_url": "https://github.com/flox/nixpkgs?rev=624af665418d3c65d544145b4d34ad696439570e",
      "name": "graalvm-ce-25.0.2",
      "pname": "graalvm-ce",
      "rev": "624af665418d3c65d544145b4d34ad696439570e",
      "rev_count": 1042126,
      "rev_date": "2026-07-26T18:26:09Z",
      "scrape_date": "2026-07-28T05:56:53.778055Z",
      "stabilities": [
        "unstable"
      ],
      "unfree": false,
      "version": "25.0.2",
      "outputs_to_install": [
        "out"
      ],
      "outputs": {
        "out": "/nix/store/9s25z6gqdvq1qfd5p28nz0a7wgz506lj-graalvm-ce-25.0.2"
      },
      "system": "x86_64-linux",
      "group": "toplevel",
      "priority": 5
    }
  ]
}
